
Microsoft Visual Studio Solution File, Format Version 12.00
# Visual Studio Version 16
VisualStudioVersion = 16.0.34601.136
MinimumVisualStudioVersion = 10.0.40219.1
Project("{FAE04EC0-301F-11D3-BF4B-00C04F79EFBC}") = "lab1.3", "lab1.3\lab1.3.csproj", "{C33BB764-25E8-4DBC-8A31-4258673C5478}"
EndProject
Global
	GlobalSection(SolutionConfigurationPlatforms) = preSolution
		Debug|Any CPU = Debug|Any CPU
		Release|Any CPU = Release|Any CPU
	EndGlobalSection
	GlobalSection(ProjectConfigurationPlatforms) = postSolution
		{C33BB764-25E8-4DBC-8A31-4258673C5478}.Debug|Any CPU.ActiveCfg = Debug|Any CPU
		{C33BB764-25E8-4DBC-8A31-4258673C5478}.Debug|Any CPU.Build.0 = Debug|Any CPU
		{C33BB764-25E8-4DBC-8A31-4258673C5478}.Release|Any CPU.ActiveCfg = Release|Any CPU
		{C33BB764-25E8-4DBC-8A31-4258673C5478}.Release|Any CPU.Build.0 = Release|Any CPU
	EndGlobalSection
	GlobalSection(SolutionProperties) = preSolution
		HideSolutionNode = FALSE
	EndGlobalSection
	GlobalSection(ExtensibilityGlobals) = postSolution
		SolutionGuid = {E38CC25C-617E-46C9-A428-150A0236ED8C}
	EndGlobalSection
EndGlobal
